
Microsoft Visual Studio Solution File, Format Version 12.00
# Visual Studio Version 17
VisualStudioVersion = 17.14.36804.6 d17.14
MinimumVisualStudioVersion = 10.0.40219.1
Project("{FAE04EC0-301F-11D3-BF4B-00C04F79EFBC}") = "FinalVersionHellKnowsWhich", "FinalVersionHellKnowsWhich\FinalVersionHellKnowsWhich.csproj", "{FAAC6808-DEC9-4FBD-8F5B-0A9EEFE75085}"
EndProject
Global
	GlobalSection(SolutionConfigurationPlatforms) = preSolution
		Debug|Any CPU = Debug|Any CPU
		Release|Any CPU = Release|Any CPU
	EndGlobalSection
	GlobalSection(ProjectConfigurationPlatforms) = postSolution
		{FAAC6808-DEC9-4FBD-8F5B-0A9EEFE75085}.Debug|Any CPU.ActiveCfg = Debug|Any CPU
		{FAAC6808-DEC9-4FBD-8F5B-0A9EEFE75085}.Debug|Any CPU.Build.0 = Debug|Any CPU
		{FAAC6808-DEC9-4FBD-8F5B-0A9EEFE75085}.Release|Any CPU.ActiveCfg = Release|Any CPU
		{FAAC6808-DEC9-4FBD-8F5B-0A9EEFE75085}.Release|Any CPU.Build.0 = Release|Any CPU
	EndGlobalSection
	GlobalSection(SolutionProperties) = preSolution
		HideSolutionNode = FALSE
	EndGlobalSection
	GlobalSection(ExtensibilityGlobals) = postSolution
		SolutionGuid = {9B6CD524-0314-4488-8FC7-5FBCA4597A20}
	EndGlobalSection
EndGlobal
